
Microsoft Visual Studio Solution File, Format Version 12.00
# Visual Studio Version 16
VisualStudioVersion = 16.0.810.15
MinimumVisualStudioVersion = 10.0.40219.1
Project("{FAE04EC0-301F-11D3-BF4B-00C04F79EFBC}") = "AuthenticationBasics", "AuthenticationBasics\AuthenticationBasics.csproj", "{EB540C74-73E0-4201-BBD9-F58E4DA30904}"
EndProject
Project("{FAE04EC0-301F-11D3-BF4B-00C04F79EFBC}") = "IdentityExample", "IdentityExample\IdentityExample.csproj", "{8A0EA709-CD0C-4E65-B6CB-F4389FDBCBAE}"
EndProject
Project("{2150E333-8FDC-42A3-9474-1A3956D46DE8}") = "basics", "basics", "{EFB393A2-D33C-48B9-87C0-E14E3C239474}"
EndProject
Project("{FAE04EC0-301F-11D3-BF4B-00C04F79EFBC}") = "Server", "Server\Server.csproj", "{9813C282-2AA0-4022-9344-A1127FF54DA0}"
EndProject
Project("{2150E333-8FDC-42A3-9474-1A3956D46DE8}") = "oauth", "oauth", "{0808F567-0745-435B-815A-172E5CFC7000}"
EndProject
Project("{FAE04EC0-301F-11D3-BF4B-00C04F79EFBC}") = "Client", "..\..\Desktop\Client\Client.csproj", "{DA7ECD04-0C71-4E9F-B45B-FB315EC34CD6}"
EndProject
Project("{FAE04EC0-301F-11D3-BF4B-00C04F79EFBC}") = "Api", "..\..\Api\Api.csproj", "{4938AF8F-ECC6-4271-BB3A-55C62C7305EC}"
EndProject
Global
	GlobalSection(SolutionConfigurationPlatforms) = preSolution
		Debug|Any CPU = Debug|Any CPU
		Release|Any CPU = Release|Any CPU
	EndGlobalSection
	GlobalSection(ProjectConfigurationPlatforms) = postSolution
		{EB540C74-73E0-4201-BBD9-F58E4DA30904}.Debug|Any CPU.ActiveCfg = Debug|Any CPU
		{EB540C74-73E0-4201-BBD9-F58E4DA30904}.Debug|Any CPU.Build.0 = Debug|Any CPU
		{EB540C74-73E0-4201-BBD9-F58E4DA30904}.Release|Any CPU.ActiveCfg = Release|Any CPU
		{EB540C74-73E0-4201-BBD9-F58E4DA30904}.Release|Any CPU.Build.0 = Release|Any CPU
		{8A0EA709-CD0C-4E65-B6CB-F4389FDBCBAE}.Debug|Any CPU.ActiveCfg = Debug|Any CPU
		{8A0EA709-CD0C-4E65-B6CB-F4389FDBCBAE}.Debug|Any CPU.Build.0 = Debug|Any CPU
		{8A0EA709-CD0C-4E65-B6CB-F4389FDBCBAE}.Release|Any CPU.ActiveCfg = Release|Any CPU
		{8A0EA709-CD0C-4E65-B6CB-F4389FDBCBAE}.Release|Any CPU.Build.0 = Release|Any CPU
		{9813C282-2AA0-4022-9344-A1127FF54DA0}.Debug|Any CPU.ActiveCfg = Debug|Any CPU
		{9813C282-2AA0-4022-9344-A1127FF54DA0}.Debug|Any CPU.Build.0 = Debug|Any CPU
		{9813C282-2AA0-4022-9344-A1127FF54DA0}.Release|Any CPU.ActiveCfg = Release|Any CPU
		{9813C282-2AA0-4022-9344-A1127FF54DA0}.Release|Any CPU.Build.0 = Release|Any CPU
		{DA7ECD04-0C71-4E9F-B45B-FB315EC34CD6}.Debug|Any CPU.ActiveCfg = Debug|Any CPU
		{DA7ECD04-0C71-4E9F-B45B-FB315EC34CD6}.Debug|Any CPU.Build.0 = Debug|Any CPU
		{DA7ECD04-0C71-4E9F-B45B-FB315EC34CD6}.Release|Any CPU.ActiveCfg = Release|Any CPU
		{DA7ECD04-0C71-4E9F-B45B-FB315EC34CD6}.Release|Any CPU.Build.0 = Release|Any CPU
		{4938AF8F-ECC6-4271-BB3A-55C62C7305EC}.Debug|Any CPU.ActiveCfg = Debug|Any CPU
		{4938AF8F-ECC6-4271-BB3A-55C62C7305EC}.Debug|Any CPU.Build.0 = Debug|Any CPU
		{4938AF8F-ECC6-4271-BB3A-55C62C7305EC}.Release|Any CPU.ActiveCfg = Release|Any CPU
		{4938AF8F-ECC6-4271-BB3A-55C62C7305EC}.Release|Any CPU.Build.0 = Release|Any CPU
	EndGlobalSection
	GlobalSection(SolutionProperties) = preSolution
		HideSolutionNode = FALSE
	EndGlobalSection
	GlobalSection(ExtensibilityGlobals) = postSolution
		SolutionGuid = {C4B9F524-B927-4872-BF75-5F6CBEE79801}
	EndGlobalSection
	GlobalSection(NestedProjects) = preSolution
		{EB540C74-73E0-4201-BBD9-F58E4DA30904} = {EFB393A2-D33C-48B9-87C0-E14E3C239474}
		{8A0EA709-CD0C-4E65-B6CB-F4389FDBCBAE} = {EFB393A2-D33C-48B9-87C0-E14E3C239474}
		{9813C282-2AA0-4022-9344-A1127FF54DA0} = {0808F567-0745-435B-815A-172E5CFC7000}
		{DA7ECD04-0C71-4E9F-B45B-FB315EC34CD6} = {0808F567-0745-435B-815A-172E5CFC7000}
		{4938AF8F-ECC6-4271-BB3A-55C62C7305EC} = {0808F567-0745-435B-815A-172E5CFC7000}
	EndGlobalSection
	GlobalSection(MonoDevelopProperties) = preSolution
		Policies = $0
		$0.DotNetNamingPolicy = $1
		$1.DirectoryNamespaceAssociation = PrefixedHierarchical
		$0.StandardHeader = $2
	EndGlobalSection
EndGlobal
